
Microsoft Visual Studio Solution File, Format Version 12.00
Project("{FAE04EC0-301F-11D3-BF4B-00C04F79EFBC}") = "ViewDataGripProject", "ViewDataGripProject\ViewDataGripProject.csproj", "{A5011E33-8F8D-420A-9802-DF923CCF4BBC}"
EndProject
Global
	GlobalSection(SolutionConfigurationPlatforms) = preSolution
		Debug|Any CPU = Debug|Any CPU
		Release|Any CPU = Release|Any CPU
	EndGlobalSection
	GlobalSection(ProjectConfigurationPlatforms) = postSolution
		{A5011E33-8F8D-420A-9802-DF923CCF4BBC}.Debug|Any CPU.ActiveCfg = Debug|Any CPU
		{A5011E33-8F8D-420A-9802-DF923CCF4BBC}.Debug|Any CPU.Build.0 = Debug|Any CPU
		{A5011E33-8F8D-420A-9802-DF923CCF4BBC}.Release|Any CPU.ActiveCfg = Release|Any CPU
		{A5011E33-8F8D-420A-9802-DF923CCF4BBC}.Release|Any CPU.Build.0 = Release|Any CPU
	EndGlobalSection
EndGlobal
